
Microsoft Visual Studio Solution File, Format Version 12.00
# Visual Studio Version 16
VisualStudioVersion = 16.0.32002.261
MinimumVisualStudioVersion = 10.0.40219.1
Project("{FAE04EC0-301F-11D3-BF4B-00C04F79EFBC}") = "InAndOut", "InAndOut\InAndOut.csproj", "{A3EBC15A-9C64-4C64-8352-B4C4E1CB879A}"
EndProject
Global
	GlobalSection(SolutionConfigurationPlatforms) = preSolution
		Debug|Any CPU = Debug|Any CPU
		Release|Any CPU = Release|Any CPU
	EndGlobalSection
	GlobalSection(ProjectConfigurationPlatforms) = postSolution
		{A3EBC15A-9C64-4C64-8352-B4C4E1CB879A}.Debug|Any CPU.ActiveCfg = Debug|Any CPU
		{A3EBC15A-9C64-4C64-8352-B4C4E1CB879A}.Debug|Any CPU.Build.0 = Debug|Any CPU
		{A3EBC15A-9C64-4C64-8352-B4C4E1CB879A}.Release|Any CPU.ActiveCfg = Release|Any CPU
		{A3EBC15A-9C64-4C64-8352-B4C4E1CB879A}.Release|Any CPU.Build.0 = Release|Any CPU
	EndGlobalSection
	GlobalSection(SolutionProperties) = preSolution
		HideSolutionNode = FALSE
	EndGlobalSection
	GlobalSection(ExtensibilityGlobals) = postSolution
		SolutionGuid = {5CFC627A-73DB-43E3-920D-A2D88BACA88D}
	EndGlobalSection
EndGlobal
